
Microsoft Visual Studio Solution File, Format Version 12.00
# Visual Studio Version 17
VisualStudioVersion = 17.12.35527.113 d17.12
MinimumVisualStudioVersion = 10.0.40219.1
Project("{FAE04EC0-301F-11D3-BF4B-00C04F79EFBC}") = "TeAn(TextAnalyzer)", "TeAn(TextAnalyzer)\TeAn(TextAnalyzer).csproj", "{300BA494-7A28-473D-8C20-6EFC50A3465C}"
	ProjectSection(ProjectDependencies) = postProject
		{3AFD075C-14B8-41D1-8354-69EC417A93E1} = {3AFD075C-14B8-41D1-8354-69EC417A93E1}
	EndProjectSection
EndProject
Project("{FAE04EC0-301F-11D3-BF4B-00C04F79EFBC}") = "TeAn.Processor", "TeAn.Processor\TeAn.Processor.csproj", "{3AFD075C-14B8-41D1-8354-69EC417A93E1}"
EndProject
Global
	GlobalSection(SolutionConfigurationPlatforms) = preSolution
		Debug|Any CPU = Debug|Any CPU
		Release|Any CPU = Release|Any CPU
	EndGlobalSection
	GlobalSection(ProjectConfigurationPlatforms) = postSolution
		{300BA494-7A28-473D-8C20-6EFC50A3465C}.Debug|Any CPU.ActiveCfg = Debug|Any CPU
		{300BA494-7A28-473D-8C20-6EFC50A3465C}.Debug|Any CPU.Build.0 = Debug|Any CPU
		{300BA494-7A28-473D-8C20-6EFC50A3465C}.Release|Any CPU.ActiveCfg = Release|Any CPU
		{300BA494-7A28-473D-8C20-6EFC50A3465C}.Release|Any CPU.Build.0 = Release|Any CPU
		{3AFD075C-14B8-41D1-8354-69EC417A93E1}.Debug|Any CPU.ActiveCfg = Debug|Any CPU
		{3AFD075C-14B8-41D1-8354-69EC417A93E1}.Debug|Any CPU.Build.0 = Debug|Any CPU
		{3AFD075C-14B8-41D1-8354-69EC417A93E1}.Release|Any CPU.ActiveCfg = Release|Any CPU
		{3AFD075C-14B8-41D1-8354-69EC417A93E1}.Release|Any CPU.Build.0 = Release|Any CPU
	EndGlobalSection
	GlobalSection(SolutionProperties) = preSolution
		HideSolutionNode = FALSE
	EndGlobalSection
EndGlobal
